// !$*UTF8*$!
{
	archiveVersion = 1;
	classes = {
	};
	objectVersion = 50;
	objects = {

/* Begin PBXBuildFile section */
		14027074276C58980031C894 /* AppDelegate.swift in Sources */ = {isa = PBXBuildFile; fileRef = 14027073276C58980031C894 /* AppDelegate.swift */; };
		14027076276C58980031C894 /* SceneDelegate.swift in Sources */ = {isa = PBXBuildFile; fileRef = 14027075276C58980031C894 /* SceneDelegate.swift */; };
		14027078276C58980031C894 /* ViewController.swift in Sources */ = {isa = PBXBuildFile; fileRef = 14027077276C58980031C894 /* ViewController.swift */; };
		1402707B276C58980031C894 /* Main.storyboard in Resources */ = {isa = PBXBuildFile; fileRef = 14027079276C58980031C894 /* Main.storyboard */; };
		1402707E276C58980031C894 /* CoreDataTask.xcdatamodeld in Sources */ = {isa = PBXBuildFile; fileRef = 1402707C276C58980031C894 /* CoreDataTask.xcdatamodeld */; };
		14027080276C58990031C894 /* Assets.xcassets in Resources */ = {isa = PBXBuildFile; fileRef = 1402707F276C58990031C894 /* Assets.xcassets */; };
		14027083276C58990031C894 /* LaunchScreen.storyboard in Resources */ = {isa = PBXBuildFile; fileRef = 14027081276C58990031C894 /* LaunchScreen.storyboard */; };
/* End PBXBuildFile section */

/* Begin PBXFileReference section */
		14027070276C58980031C894 /* CoreDataTask.app */ = {isa = PBXFileReference; explicitFileType = wrapper.application; includeInIndex = 0; path = CoreDataTask.app; sourceTree = BUILT_PRODUCTS_DIR; };
		14027073276C58980031C894 /* AppDelegate.swift */ = {isa = PBXFileReference; lastKnownFileType = sourcecode.swift; path = AppDelegate.swift; sourceTree = "<group>"; };
		14027075276C58980031C894 /* SceneDelegate.swift */ = {isa = PBXFileReference; lastKnownFileType = sourcecode.swift; path = SceneDelegate.swift; sourceTree = "<group>"; };
		14027077276C58980031C894 /* ViewController.swift */ = {isa = PBXFileReference; lastKnownFileType = sourcecode.swift; path = ViewController.swift; sourceTree = "<group>"; };
		1402707A276C58980031C894 /* Base */ = {isa = PBXFileReference; lastKnownFileType = file.storyboard; name = Base; path = Base.lproj/Main.storyboard; sourceTree = "<group>"; };
		1402707D276C58980031C894 /* CoreDataTask.xcdatamodel */ = {isa = PBXFileReference; lastKnownFileType = wrapper.xcdatamodel; path = CoreDataTask.xcdatamodel; sourceTree = "<group>"; };
		1402707F276C58990031C894 /* Assets.xcassets */ = {isa = PBXFileReference; lastKnownFileType = folder.assetcatalog; path = Assets.xcassets; sourceTree = "<group>"; };
		14027082276C58990031C894 /* Base */ = {isa = PBXFileReference; lastKnownFileType = file.storyboard; name = Base; path = Base.lproj/LaunchScreen.storyboard; sourceTree = "<group>"; };
		14027084276C58990031C894 /* Info.plist */ = {isa = PBXFileReference; lastKnownFileType = text.plist.xml; path = Info.plist; sourceTree = "<group>"; };
/* End PBXFileReference section */

/* Begin PBXFrameworksBuildPhase section */
		1402706D276C58980031C894 /* Frameworks */ = {
			isa = PBXFrameworksBuildPhase;
			buildActionMask = 2147483647;
			files = (
			);
			runOnlyForDeploymentPostprocessing = 0;
		};
/* End PBXFrameworksBuildPhase section */

/* Begin PBXGroup section */
		14027067276C58970031C894 = {
			isa = PBXGroup;
			children = (
				14027072276C58980031C894 /* CoreDataTask */,
				14027071276C58980031C894 /* Products */,
			);
			sourceTree = "<group>";
		};
		14027071276C58980031C894 /* Products */ = {
			isa = PBXGroup;
			children = (
				14027070276C58980031C894 /* CoreDataTask.app */,
			);
			name = Products;
			sourceTree = "<group>";
		};
		14027072276C58980031C894 /* CoreDataTask */ = {
			isa = PBXGroup;
			children = (
				14027073276C58980031C894 /* AppDelegate.swift */,
				14027075276C58980031C894 /* SceneDelegate.swift */,
				14027077276C58980031C894 /* ViewController.swift */,
				14027079276C58980031C894 /* Main.storyboard */,
				1402707F276C58990031C894 /* Assets.xcassets */,
				14027081276C58990031C894 /* LaunchScreen.storyboard */,
				14027084276C58990031C894 /* Info.plist */,
				1402707C276C58980031C894 /* CoreDataTask.xcdatamodeld */,
			);
			path = CoreDataTask;
			sourceTree = "<group>";
		};
/* End PBXGroup section */

/* Begin PBXNativeTarget section */
		1402706F276C58980031C894 /* CoreDataTask */ = {
			isa = PBXNativeTarget;
			buildConfigurationList = 14027087276C58990031C894 /* Build configuration list for PBXNativeTarget "CoreDataTask" */;
			buildPhases = (
				1402706C276C58980031C894 /* Sources */,
				1402706D276C58980031C894 /* Frameworks */,
				1402706E276C58980031C894 /* Resources */,
			);
			buildRules = (
			);
			dependencies = (
			);
			name = CoreDataTask;
			productName = CoreDataTask;
			productReference = 14027070276C58980031C894 /* CoreDataTask.app */;
			productType = "com.apple.product-type.application";
		};
/* End PBXNativeTarget section */

/* Begin PBXProject section */
		14027068276C58970031C894 /* Project object */ = {
			isa = PBXProject;
			attributes = {
				LastSwiftUpdateCheck = 1200;
				LastUpgradeCheck = 1200;
				TargetAttributes = {
					1402706F276C58980031C894 = {
						CreatedOnToolsVersion = 12.0;
					};
				};
			};
			buildConfigurationList = 1402706B276C58970031C894 /* Build configuration list for PBXProject "CoreDataTask" */;
			compatibilityVersion = "Xcode 9.3";
			developmentRegion = en;
			hasScannedForEncodings = 0;
			knownRegions = (
				en,
				Base,
			);
			mainGroup = 14027067276C58970031C894;
			productRefGroup = 14027071276C58980031C894 /* Products */;
			projectDirPath = "";
			projectRoot = "";
			targets = (
				1402706F276C58980031C894 /* CoreDataTask */,
			);
		};
/* End PBXProject section */

/* Begin PBXResourcesBuildPhase section */
		1402706E276C58980031C894 /* Resources */ = {
			isa = PBXResourcesBuildPhase;
			buildActionMask = 2147483647;
			files = (
				14027083276C58990031C894 /* LaunchScreen.storyboard in Resources */,
				14027080276C58990031C894 /* Assets.xcassets in Resources */,
				1402707B276C58980031C894 /* Main.storyboard in Resources */,
			);
			runOnlyForDeploymentPostprocessing = 0;
		};
/* End PBXResourcesBuildPhase section */

/* Begin PBXSourcesBuildPhase section */
		1402706C276C58980031C894 /* Sources */ = {
			isa = PBXSourcesBuildPhase;
			buildActionMask = 2147483647;
			files = (
				14027078276C58980031C894 /* ViewController.swift in Sources */,
				14027074276C58980031C894 /* AppDelegate.swift in Sources */,
				14027076276C58980031C894 /* SceneDelegate.swift in Sources */,
				1402707E276C58980031C894 /* CoreDataTask.xcdatamodeld in Sources */,
			);
			runOnlyForDeploymentPostprocessing = 0;
		};
/* End PBXSourcesBuildPhase section */

/* Begin PBXVariantGroup section */
		14027079276C58980031C894 /* Main.storyboard */ = {
			isa = PBXVariantGroup;
			children = (
				1402707A276C58980031C894 /* Base */,
			);
			name = Main.storyboard;
			sourceTree = "<group>";
		};
		14027081276C58990031C894 /* LaunchScreen.storyboard */ = {
			isa = PBXVariantGroup;
			children = (
				14027082276C58990031C894 /* Base */,
			);
			name = LaunchScreen.storyboard;
			sourceTree = "<group>";
		};
/* End PBXVariantGroup section */

/* Begin XCBuildConfiguration section */
		14027085276C58990031C894 /* Debug */ = {
			isa = XCBuildConfiguration;
			buildSettings = {
				ALWAYS_SEARCH_USER_PATHS = NO;
				CLANG_ANALYZER_NONNULL = YES;
				CLANG_ANALYZER_NUMBER_OBJECT_CONVERSION = YES_AGGRESSIVE;
				CLANG_CXX_LANGUAGE_STANDARD = "gnu++14";
				CLANG_CXX_LIBRARY = "libc++";
				CLANG_ENABLE_MODULES = YES;
				CLANG_ENABLE_OBJC_ARC = YES;
				CLANG_ENABLE_OBJC_WEAK = YES;
				CLANG_WARN_BLOCK_CAPTURE_AUTORELEASING = YES;
				CLANG_WARN_BOOL_CONVERSION = YES;
				CLANG_WARN_COMMA = YES;
				CLANG_WARN_CONSTANT_CONVERSION = YES;
				CLANG_WARN_DEPRECATED_OBJC_IMPLEMENTATIONS = YES;
				CLANG_WARN_DIRECT_OBJC_ISA_USAGE = YES_ERROR;
				CLANG_WARN_DOCUMENTATION_COMMENTS = YES;
				CLANG_WARN_EMPTY_BODY = YES;
				CLANG_WARN_ENUM_CONVERSION = YES;
				CLANG_WARN_INFINITE_RECURSION = YES;
				CLANG_WARN_INT_CONVERSION = YES;
				CLANG_WARN_NON_LITERAL_NULL_CONVERSION = YES;
				CLANG_WARN_OBJC_IMPLICIT_RETAIN_SELF = YES;
				CLANG_WARN_OBJC_LITERAL_CONVERSION = YES;
				CLANG_WARN_OBJC_ROOT_CLASS = YES_ERROR;
				CLANG_WARN_QUOTED_INCLUDE_IN_FRAMEWORK_HEADER = YES;
				CLANG_WARN_RANGE_LOOP_ANALYSIS = YES;
				CLANG_WARN_STRICT_PROTOTYPES = YES;
				CLANG_WARN_SUSPICIOUS_MOVE = YES;
				CLANG_WARN_UNGUARDED_AVAILABILITY = YES_AGGRESSIVE;
				CLANG_WARN_UNREACHABLE_CODE = YES;
				CLANG_WARN__DUPLICATE_METHOD_MATCH = YES;
				COPY_PHASE_STRIP = NO;
				DEBUG_INFORMATION_FORMAT = dwarf;
				ENABLE_STRICT_OBJC_MSGSEND = YES;
				ENABLE_TESTABILITY = YES;
				GCC_C_LANGUAGE_STANDARD = gnu11;
				GCC_DYNAMIC_NO_PIC = NO;
				GCC_NO_COMMON_BLOCKS = YES;
				GCC_OPTIMIZATION_LEVEL = 0;
				GCC_PREPROCESSOR_DEFINITIONS = (
					"DEBUG=1",
					"$(inherited)",
				);
				GCC_WARN_64_TO_32_BIT_CONVERSION = YES;
				GCC_WARN_ABOUT_RETURN_TYPE = YES_ERROR;
				GCC_WARN_UNDECLARED_SELECTOR = YES;
				GCC_WARN_UNINITIALIZED_AUTOS = YES_AGGRESSIVE;
				GCC_WARN_UNUSED_FUNCTION = YES;
				GCC_WARN_UNUSED_VARIABLE = YES;
				IPHONEOS_DEPLOYMENT_TARGET = 14.0;
				MTL_ENABLE_DEBUG_INFO = INCLUDE_SOURCE;
				MTL_FAST_MATH = YES;
				ONLY_ACTIVE_ARCH = YES;
				SDKROOT = iphoneos;
				SWIFT_ACTIVE_COMPILATION_CONDITIONS = DEBUG;
				SWIFT_OPTIMIZATION_LEVEL = "-Onone";
			};
			name = Debug;
		};
		14027086276C58990031C894 /* Release */ = {
			isa = XCBuildConfiguration;
			buildSettings = {
				ALWAYS_SEARCH_USER_PATHS = NO;
				CLANG_ANALYZER_NONNULL = YES;
				CLANG_ANALYZER_NUMBER_OBJECT_CONVERSION = YES_AGGRESSIVE;
				CLANG_CXX_LANGUAGE_STANDARD = "gnu++14";
				CLANG_CXX_LIBRARY = "libc++";
				CLANG_ENABLE_MODULES = YES;
				CLANG_ENABLE_OBJC_ARC = YES;
				CLANG_ENABLE_OBJC_WEAK = YES;
				CLANG_WARN_BLOCK_CAPTURE_AUTORELEASING = YES;
				CLANG_WARN_BOOL_CONVERSION = YES;
				CLANG_WARN_COMMA = YES;
				CLANG_WARN_CONSTANT_CONVERSION = YES;
				CLANG_WARN_DEPRECATED_OBJC_IMPLEMENTATIONS = YES;
				CLANG_WARN_DIRECT_OBJC_ISA_USAGE = YES_ERROR;
				CLANG_WARN_DOCUMENTATION_COMMENTS = YES;
				CLANG_WARN_EMPTY_BODY = YES;
				CLANG_WARN_ENUM_CONVERSION = YES;
				CLANG_WARN_INFINITE_RECURSION = YES;
				CLANG_WARN_INT_CONVERSION = YES;
				CLANG_WARN_NON_LITERAL_NULL_CONVERSION = YES;
				CLANG_WARN_OBJC_IMPLICIT_RETAIN_SELF = YES;
				CLANG_WARN_OBJC_LITERAL_CONVERSION = YES;
				CLANG_WARN_OBJC_ROOT_CLASS = YES_ERROR;
				CLANG_WARN_QUOTED_INCLUDE_IN_FRAMEWORK_HEADER = YES;
				CLANG_WARN_RANGE_LOOP_ANALYSIS = YES;
				CLANG_WARN_STRICT_PROTOTYPES = YES;
				CLANG_WARN_SUSPICIOUS_MOVE = YES;
				CLANG_WARN_UNGUARDED_AVAILABILITY = YES_AGGRESSIVE;
				CLANG_WARN_UNREACHABLE_CODE = YES;
				CLANG_WARN__DUPLICATE_METHOD_MATCH = YES;
				COPY_PHASE_STRIP = NO;
				DEBUG_INFORMATION_FORMAT = "dwarf-with-dsym";
				ENABLE_NS_ASSERTIONS = NO;
				ENABLE_STRICT_OBJC_MSGSEND = YES;
				GCC_C_LANGUAGE_STANDARD = gnu11;
				GCC_NO_COMMON_BLOCKS = YES;
				GCC_WARN_64_TO_32_BIT_CONVERSION = YES;
				GCC_WARN_ABOUT_RETURN_TYPE = YES_ERROR;
				GCC_WARN_UNDECLARED_SELECTOR = YES;
				GCC_WARN_UNINITIALIZED_AUTOS = YES_AGGRESSIVE;
				GCC_WARN_UNUSED_FUNCTION = YES;
				GCC_WARN_UNUSED_VARIABLE = YES;
				IPHONEOS_DEPLOYMENT_TARGET = 14.0;
				MTL_ENABLE_DEBUG_INFO = NO;
				MTL_FAST_MATH = YES;
				SDKROOT = iphoneos;
				SWIFT_COMPILATION_MODE = wholemodule;
				SWIFT_OPTIMIZATION_LEVEL = "-O";
				VALIDATE_PRODUCT = YES;
			};
			name = Release;
		};
		14027088276C58990031C894 /* Debug */ = {
			isa = XCBuildConfiguration;
			buildSettings = {
				ASSETCATALOG_COMPILER_APPICON_NAME = AppIcon;
				ASSETCATALOG_COMPILER_GLOBAL_ACCENT_COLOR_NAME = AccentColor;
				CODE_SIGN_STYLE = Automatic;
				INFOPLIST_FILE = CoreDataTask/Info.plist;
				LD_RUNPATH_SEARCH_PATHS = (
					"$(inherited)",
					"@executable_path/Frameworks",
				);
				PRODUCT_BUNDLE_IDENTIFIER = "com.-test.CoreDataTask";
				PRODUCT_NAME = "$(TARGET_NAME)";
				SWIFT_VERSION = 5.0;
				TARGETED_DEVICE_FAMILY = "1,2";
			};
			name = Debug;
		};
		14027089276C58990031C894 /* Release */ = {
			isa = XCBuildConfiguration;
			buildSettings = {
				ASSETCATALOG_COMPILER_APPICON_NAME = AppIcon;
				ASSETCATALOG_COMPILER_GLOBAL_ACCENT_COLOR_NAME = AccentColor;
				CODE_SIGN_STYLE = Automatic;
				INFOPLIST_FILE = CoreDataTask/Info.plist;
				LD_RUNPATH_SEARCH_PATHS = (
					"$(inherited)",
					"@executable_path/Frameworks",
				);
				PRODUCT_BUNDLE_IDENTIFIER = "com.-test.CoreDataTask";
				PRODUCT_NAME = "$(TARGET_NAME)";
				SWIFT_VERSION = 5.0;
				TARGETED_DEVICE_FAMILY = "1,2";
			};
			name = Release;
		};
/* End XCBuildConfiguration section */

/* Begin XCConfigurationList section */
		1402706B276C58970031C894 /* Build configuration list for PBXProject "CoreDataTask" */ = {
			isa = XCConfigurationList;
			buildConfigurations = (
				14027085276C58990031C894 /* Debug */,
				14027086276C58990031C894 /* Release */,
			);
			defaultConfigurationIsVisible = 0;
			defaultConfigurationName = Release;
		};
		14027087276C58990031C894 /* Build configuration list for PBXNativeTarget "CoreDataTask" */ = {
			isa = XCConfigurationList;
			buildConfigurations = (
				14027088276C58990031C894 /* Debug */,
				14027089276C58990031C894 /* Release */,
			);
			defaultConfigurationIsVisible = 0;
			defaultConfigurationName = Release;
		};
/* End XCConfigurationList section */

/* Begin XCVersionGroup section */
		1402707C276C58980031C894 /* CoreDataTask.xcdatamodeld */ = {
			isa = XCVersionGroup;
			children = (
				1402707D276C58980031C894 /* CoreDataTask.xcdatamodel */,
			);
			currentVersion = 1402707D276C58980031C894 /* CoreDataTask.xcdatamodel */;
			path = CoreDataTask.xcdatamodeld;
			sourceTree = "<group>";
			versionGroupType = wrapper.xcdatamodel;
		};
/* End XCVersionGroup section */
	};
	rootObject = 14027068276C58970031C894 /* Project object */;
}
